
Microsoft Visual Studio Solution File, Format Version 12.00
# Visual Studio Version 16
VisualStudioVersion = 16.0.30711.63
MinimumVisualStudioVersion = 10.0.40219.1
Project("{9A19103F-16F7-4668-BE54-9A1E7A4F7556}") = "MediaManager", "MediaManager\MediaManager.csproj", "{ED86A559-866D-406F-9959-269DE6D52967}"
EndProject
Project("{FAE04EC0-301F-11D3-BF4B-00C04F79EFBC}") = "MediaManager.UnitTests", "MediaManager.UnitTests\MediaManager.UnitTests.csproj", "{D2C67875-F8BF-4806-8867-B48C4B85DEF8}"
EndProject
Global
	GlobalSection(SolutionConfigurationPlatforms) = preSolution
		Debug|Any CPU = Debug|Any CPU
		Release|Any CPU = Release|Any CPU
	EndGlobalSection
	GlobalSection(ProjectConfigurationPlatforms) = postSolution
		{ED86A559-866D-406F-9959-269DE6D52967}.Debug|Any CPU.ActiveCfg = Debug|Any CPU
		{ED86A559-866D-406F-9959-269DE6D52967}.Debug|Any CPU.Build.0 = Debug|Any CPU
		{ED86A559-866D-406F-9959-269DE6D52967}.Release|Any CPU.ActiveCfg = Release|Any CPU
		{ED86A559-866D-406F-9959-269DE6D52967}.Release|Any CPU.Build.0 = Release|Any CPU
		{D2C67875-F8BF-4806-8867-B48C4B85DEF8}.Debug|Any CPU.ActiveCfg = Debug|Any CPU
		{D2C67875-F8BF-4806-8867-B48C4B85DEF8}.Debug|Any CPU.Build.0 = Debug|Any CPU
		{D2C67875-F8BF-4806-8867-B48C4B85DEF8}.Release|Any CPU.ActiveCfg = Release|Any CPU
		{D2C67875-F8BF-4806-8867-B48C4B85DEF8}.Release|Any CPU.Build.0 = Release|Any CPU
	EndGlobalSection
	GlobalSection(SolutionProperties) = preSolution
		HideSolutionNode = FALSE
	EndGlobalSection
	GlobalSection(ExtensibilityGlobals) = postSolution
		SolutionGuid = {7BCEF2E3-A295-4B8F-95E1-39764E679865}
	EndGlobalSection
EndGlobal
